{
  "version": 4,
  "terraform_version": "0.14.5",
  "serial": 3,
  "lineage": "a7914d97-8270-aee9-de00-399e20113fdc",
  "outputs": {},
  "resources": [
    {
      "mode": "managed",
      "type": "azurerm_container_group",
      "name": "tfcg_test",
      "provider": "provider[\"registry.terraform.io/hashicorp/azurerm\"]",
      "instances": [
        {
          "schema_version": 0,
          "attributes": {
            "container": [
              {
                "commands": [],
                "cpu": 1,
                "environment_variables": null,
                "gpu": [],
                "image": "e880613/santosh:wapi",
                "liveness_probe": [],
                "memory": 1,
                "name": "weatherapi",
                "ports": [
                  {
                    "port": 80,
                    "protocol": "TCP"
                  }
                ],
                "readiness_probe": [],
                "secure_environment_variables": null,
                "volume": []
              }
            ],
            "diagnostics": [],
            "dns_name_label": "e880613dns",
            "fqdn": "e880613dns.southindia.azurecontainer.io",
            "id": "/subscriptions/3592499b-ef49-4850-a493-d4ce86890b75/resourceGroups/tfmainrg/providers/Microsoft.ContainerInstance/containerGroups/weatherapi",
            "identity": [],
            "image_registry_credential": [],
            "ip_address": "104.211.231.212",
            "ip_address_type": "Public",
            "location": "southindia",
            "name": "weatherapi",
            "network_profile_id": null,
            "os_type": "Linux",
            "resource_group_name": "tfmainrg",
            "restart_policy": "Always",
            "tags": null,
            "timeouts": null
          },
          "sensitive_attributes": [],
          "private": "eyJlMmJmYjczMC1lY2FhLTExZTYtOGY4OC0zNDM2M2JjN2M0YzAiOnsiY3JlYXRlIjoxODAwMDAwMDAwMDAwLCJkZWxldGUiOjE4MDAwMDAwMDAwMDAsInJlYWQiOjMwMDAwMDAwMDAwMCwidXBkYXRlIjoxODAwMDAwMDAwMDAwfX0=",
          "dependencies": [
            "azurerm_resource_group.tf_test"
          ]
        }
      ]
    },
    {
      "mode": "managed",
      "type": "azurerm_resource_group",
      "name": "tf_test",
      "provider": "provider[\"registry.terraform.io/hashicorp/azurerm\"]",
      "instances": [
        {
          "schema_version": 0,
          "attributes": {
            "id": "/subscriptions/3592499b-ef49-4850-a493-d4ce86890b75/resourceGroups/tfmainrg",
            "location": "southindia",
            "name": "tfmainrg",
            "tags": null,
            "timeouts": null
          },
          "sensitive_attributes": [],
          "private": "eyJlMmJmYjczMC1lY2FhLTExZTYtOGY4OC0zNDM2M2JjN2M0YzAiOnsiY3JlYXRlIjo1NDAwMDAwMDAwMDAwLCJkZWxldGUiOjU0MDAwMDAwMDAwMDAsInJlYWQiOjMwMDAwMDAwMDAwMCwidXBkYXRlIjo1NDAwMDAwMDAwMDAwfX0="
        }
      ]
    }
  ]
}
